# THIS IS AN AUTOGENERATED FILE. DO NOT EDIT THIS FILE DIRECTLY.
# yarn lockfile v1


"@nguniversal/aspnetcore-engine@^8.1.1":
  version "8.1.1"
  resolved "https://registry.yarnpkg.com/@nguniversal/aspnetcore-engine/-/aspnetcore-engine-8.1.1.tgz#6e1bdcfede1e527681ea5123df4b432b5d38a85f"
  integrity sha512-TiXaFKsa2l+Cy7U4UsShijsVWS8afatbKsv/ACETC5DAyxJh2pR9xPDKU0RCWL0iV1qni8EYkCNUn+b6MKSyYw==

aspnet-prerendering@^3.0.1:
  version "3.0.1"
  resolved "https://registry.yarnpkg.com/aspnet-prerendering/-/aspnet-prerendering-3.0.1.tgz#0b6e767b49e425e1d3d59611fac80c9c6f5b0100"
  integrity sha1-C252e0nkJeHT1ZYR+sgMnG9bAQA=
  dependencies:
    domain-task "^3.0.0"

domain-context@^0.5.1:
  version "0.5.1"
  resolved "https://registry.yarnpkg.com/domain-context/-/domain-context-0.5.1.tgz#321c66a41055987507b2396acc5f04e53fb997c4"
  integrity sha1-MhxmpBBVmHUHsjlqzF8E5T+5l8Q=

domain-task@^3.0.0:
  version "3.0.3"
  resolved "https://registry.yarnpkg.com/domain-task/-/domain-task-3.0.3.tgz#4fe7d7439acfe792d69bf8e6bfa6b1e356862d45"
  integrity sha1-T+fXQ5rP55LWm/jmv6ax41aGLUU=
  dependencies:
    domain-context "^0.5.1"
    is-absolute-url "^2.1.0"
    isomorphic-fetch "^2.2.1"

encoding@^0.1.11:
  version "0.1.12"
  resolved "https://registry.yarnpkg.com/encoding/-/encoding-0.1.12.tgz#538b66f3ee62cd1ab51ec323829d1f9480c74beb"
  integrity sha1-U4tm8+5izRq1HsMjgp0flIDHS+s=
  dependencies:
    iconv-lite "~0.4.13"

iconv-lite@~0.4.13:
  version "0.4.24"
  resolved "https://registry.yarnpkg.com/iconv-lite/-/iconv-lite-0.4.24.tgz#2022b4b25fbddc21d2f524974a474aafe733908b"
  integrity sha512-v3MXnZAcvnywkTUEZomIActle7RXXeedOR31wwl7VlyoXO4Qi9arvSenNQWne1TcRwhCL1HwLI21bEqdpj8/rA==
  dependencies:
    safer-buffer ">= 2.1.2 < 3"

is-absolute-url@^2.1.0:
  version "2.1.0"
  resolved "https://registry.yarnpkg.com/is-absolute-url/-/is-absolute-url-2.1.0.tgz#50530dfb84fcc9aa7dbe7852e83a37b93b9f2aa6"
  integrity sha1-UFMN+4T8yap9vnhS6Do3uTufKqY=

is-stream@^1.0.1:
  version "1.1.0"
  resolved "https://registry.yarnpkg.com/is-stream/-/is-stream-1.1.0.tgz#12d4a3dd4e68e0b79ceb8dbc84173ae80d91ca44"
  integrity sha1-EtSj3U5o4Lec6428hBc66A2RykQ=

isomorphic-fetch@^2.2.1:
  version "2.2.1"
  resolved "https://registry.yarnpkg.com/isomorphic-fetch/-/isomorphic-fetch-2.2.1.tgz#611ae1acf14f5e81f729507472819fe9733558a9"
  integrity sha1-YRrhrPFPXoH3KVB0coGf6XM1WKk=
  dependencies:
    node-fetch "^1.0.1"
    whatwg-fetch ">=0.10.0"

node-fetch@^1.0.1:
  version "1.7.3"
  resolved "https://registry.yarnpkg.com/node-fetch/-/node-fetch-1.7.3.tgz#980f6f72d85211a5347c6b2bc18c5b84c3eb47ef"
  integrity sha512-NhZ4CsKx7cYm2vSrBAr2PvFOe6sWDf0UYLRqA6svUYg7+/TSfVAu49jYC4BvQ4Sms9SZgdqGBgroqfDhJdTyKQ==
  dependencies:
    encoding "^0.1.11"
    is-stream "^1.0.1"

"safer-buffer@>= 2.1.2 < 3":
  version "2.1.2"
  resolved "https://registry.yarnpkg.com/safer-buffer/-/safer-buffer-2.1.2.tgz#44fa161b0187b9549dd84bb91802f9bd8385cd6a"
  integrity sha512-YZo3K82SD7Riyi0E1EQPojLz7kpepnSQI9IyPbHHg1XXXevb5dJI7tpyN2ADxGcQbHG7vcyRHk0cbwqcQriUtg==

whatwg-fetch@>=0.10.0:
  version "3.0.0"
  resolved "https://registry.yarnpkg.com/whatwg-fetch/-/whatwg-fetch-3.0.0.tgz#fc804e458cc460009b1a2b966bc8817d2578aefb"
  integrity sha512-9GSJUgz1D4MfyKU7KRqwOjXCXTqWdFNvEr7eUBYchQiVc744mqK/MzXPNR2WsPkmkOa4ywfg8C2n8h+13Bey1Q==
